// !$*UTF8*$!
{
	archiveVersion = 1;
	classes = {
	};
	objectVersion = 52;
	objects = {

/* Begin PBXBuildFile section */
		37587E6226EEB42000C88787 /* AppDelegate.swift in Sources */ = {isa = PBXBuildFile; fileRef = 37587E6126EEB42000C88787 /* AppDelegate.swift */; };
		37587E6426EEB42000C88787 /* SceneDelegate.swift in Sources */ = {isa = PBXBuildFile; fileRef = 37587E6326EEB42000C88787 /* SceneDelegate.swift */; };
		37587E6626EEB42000C88787 /* ViewController.swift in Sources */ = {isa = PBXBuildFile; fileRef = 37587E6526EEB42000C88787 /* ViewController.swift */; };
		37587E6926EEB42000C88787 /* Main.storyboard in Resources */ = {isa = PBXBuildFile; fileRef = 37587E6726EEB42000C88787 /* Main.storyboard */; };
		37587E6B26EEB42300C88787 /* Assets.xcassets in Resources */ = {isa = PBXBuildFile; fileRef = 37587E6A26EEB42300C88787 /* Assets.xcassets */; };
		37587E6E26EEB42300C88787 /* LaunchScreen.storyboard in Resources */ = {isa = PBXBuildFile; fileRef = 37587E6C26EEB42300C88787 /* LaunchScreen.storyboard */; };
		37587E7926EEB42400C88787 /* FlixsterTests.swift in Sources */ = {isa = PBXBuildFile; fileRef = 37587E7826EEB42400C88787 /* FlixsterTests.swift */; };
		37587E8426EEB42400C88787 /* FlixsterUITests.swift in Sources */ = {isa = PBXBuildFile; fileRef = 37587E8326EEB42400C88787 /* FlixsterUITests.swift */; };
		37587E9226EEB5E800C88787 /* MoviesViewController.swift in Sources */ = {isa = PBXBuildFile; fileRef = 37587E9126EEB5E800C88787 /* MoviesViewController.swift */; };
		37587E9426EEBC7900C88787 /* MovieCell.swift in Sources */ = {isa = PBXBuildFile; fileRef = 37587E9326EEBC7900C88787 /* MovieCell.swift */; };
		37587E9726EEBE4600C88787 /* AlamofireImage in Frameworks */ = {isa = PBXBuildFile; productRef = 37587E9626EEBE4600C88787 /* AlamofireImage */; };
		375A22EA26F82943001CAD2A /* MovieGridCell.swift in Sources */ = {isa = PBXBuildFile; fileRef = 375A22E926F82943001CAD2A /* MovieGridCell.swift */; };
		375A22EE26F84B3F001CAD2A /* TrailerViewController.swift in Sources */ = {isa = PBXBuildFile; fileRef = 375A22ED26F84B3F001CAD2A /* TrailerViewController.swift */; };
		37B746AC26EFFEC200941979 /* MovieDetailsViewController.swift in Sources */ = {isa = PBXBuildFile; fileRef = 37B746AB26EFFEC200941979 /* MovieDetailsViewController.swift */; };
		37DF32F726F0061F0034B330 /* MovieGridViewController.swift in Sources */ = {isa = PBXBuildFile; fileRef = 37DF32F626F0061F0034B330 /* MovieGridViewController.swift */; };
		4E2737E808A560FE3074B6DD /* Pods_Flixster_FlixsterUITests.framework in Frameworks */ = {isa = PBXBuildFile; fileRef = BE9F3A1397AAE7BE6A4F271A /* Pods_Flixster_FlixsterUITests.framework */; };
		8D3341E9FF9D6C9C751A57C2 /* Pods_FlixsterTests.framework in Frameworks */ = {isa = PBXBuildFile; fileRef = 58C7605BA6D391D7AD811831 /* Pods_FlixsterTests.framework */; };
		A49F3CB5468C330A755E0E23 /* Pods_Flixster.framework in Frameworks */ = {isa = PBXBuildFile; fileRef = 65DEF4EA4E9AA01A633FA519 /* Pods_Flixster.framework */; };
/* End PBXBuildFile section */

/* Begin PBXContainerItemProxy section */
		37587E7526EEB42400C88787 /* PBXContainerItemProxy */ = {
			isa = PBXContainerItemProxy;
			containerPortal = 37587E5626EEB42000C88787 /* Project object */;
			proxyType = 1;
			remoteGlobalIDString = 37587E5D26EEB42000C88787;
			remoteInfo = Flixster;
		};
		37587E8026EEB42400C88787 /* PBXContainerItemProxy */ = {
			isa = PBXContainerItemProxy;
			containerPortal = 37587E5626EEB42000C88787 /* Project object */;
			proxyType = 1;
			remoteGlobalIDString = 37587E5D26EEB42000C88787;
			remoteInfo = Flixster;
		};
/* End PBXContainerItemProxy section */

/* Begin PBXFileReference section */
		2DD123F741D4E958437E1DFC /* Pods-Flixster-FlixsterUITests.debug.xcconfig */ = {isa = PBXFileReference; includeInIndex = 1; lastKnownFileType = text.xcconfig; name = "Pods-Flixster-FlixsterUITests.debug.xcconfig"; path = "Target Support Files/Pods-Flixster-FlixsterUITests/Pods-Flixster-FlixsterUITests.debug.xcconfig"; sourceTree = "<group>"; };
		37587E5E26EEB42000C88787 /* Flixster.app */ = {isa = PBXFileReference; explicitFileType = wrapper.application; includeInIndex = 0; path = Flixster.app; sourceTree = BUILT_PRODUCTS_DIR; };
		37587E6126EEB42000C88787 /* AppDelegate.swift */ = {isa = PBXFileReference; lastKnownFileType = sourcecode.swift; path = AppDelegate.swift; sourceTree = "<group>"; };
		37587E6326EEB42000C88787 /* SceneDelegate.swift */ = {isa = PBXFileReference; lastKnownFileType = sourcecode.swift; path = SceneDelegate.swift; sourceTree = "<group>"; };
		37587E6526EEB42000C88787 /* ViewController.swift */ = {isa = PBXFileReference; lastKnownFileType = sourcecode.swift; path = ViewController.swift; sourceTree = "<group>"; };
		37587E6826EEB42000C88787 /* Base */ = {isa = PBXFileReference; lastKnownFileType = file.storyboard; name = Base; path = Base.lproj/Main.storyboard; sourceTree = "<group>"; };
		37587E6A26EEB42300C88787 /* Assets.xcassets */ = {isa = PBXFileReference; lastKnownFileType = folder.assetcatalog; path = Assets.xcassets; sourceTree = "<group>"; };
		37587E6D26EEB42300C88787 /* Base */ = {isa = PBXFileReference; lastKnownFileType = file.storyboard; name = Base; path = Base.lproj/LaunchScreen.storyboard; sourceTree = "<group>"; };
		37587E6F26EEB42300C88787 /* Info.plist */ = {isa = PBXFileReference; lastKnownFileType = text.plist.xml; path = Info.plist; sourceTree = "<group>"; };
		37587E7426EEB42400C88787 /* FlixsterTests.xctest */ = {isa = PBXFileReference; explicitFileType = wrapper.cfbundle; includeInIndex = 0; path = FlixsterTests.xctest; sourceTree = BUILT_PRODUCTS_DIR; };
		37587E7826EEB42400C88787 /* FlixsterTests.swift */ = {isa = PBXFileReference; lastKnownFileType = sourcecode.swift; path = FlixsterTests.swift; sourceTree = "<group>"; };
		37587E7A26EEB42400C88787 /* Info.plist */ = {isa = PBXFileReference; lastKnownFileType = text.plist.xml; path = Info.plist; sourceTree = "<group>"; };
		37587E7F26EEB42400C88787 /* FlixsterUITests.xctest */ = {isa = PBXFileReference; explicitFileType = wrapper.cfbundle; includeInIndex = 0; path = FlixsterUITests.xctest; sourceTree = BUILT_PRODUCTS_DIR; };
		37587E8326EEB42400C88787 /* FlixsterUITests.swift */ = {isa = PBXFileReference; lastKnownFileType = sourcecode.swift; path = FlixsterUITests.swift; sourceTree = "<group>"; };
		37587E8526EEB42400C88787 /* Info.plist */ = {isa = PBXFileReference; lastKnownFileType = text.plist.xml; path = Info.plist; sourceTree = "<group>"; };
		37587E9126EEB5E800C88787 /* MoviesViewController.swift */ = {isa = PBXFileReference; lastKnownFileType = sourcecode.swift; path = MoviesViewController.swift; sourceTree = "<group>"; };
		37587E9326EEBC7900C88787 /* MovieCell.swift */ = {isa = PBXFileReference; lastKnownFileType = sourcecode.swift; path = MovieCell.swift; sourceTree = "<group>"; };
		375A22E926F82943001CAD2A /* MovieGridCell.swift */ = {isa = PBXFileReference; lastKnownFileType = sourcecode.swift; path = MovieGridCell.swift; sourceTree = "<group>"; };
		375A22ED26F84B3F001CAD2A /* TrailerViewController.swift */ = {isa = PBXFileReference; lastKnownFileType = sourcecode.swift; path = TrailerViewController.swift; sourceTree = "<group>"; };
		37B746AB26EFFEC200941979 /* MovieDetailsViewController.swift */ = {isa = PBXFileReference; lastKnownFileType = sourcecode.swift; path = MovieDetailsViewController.swift; sourceTree = "<group>"; };
		37DF32F626F0061F0034B330 /* MovieGridViewController.swift */ = {isa = PBXFileReference; lastKnownFileType = sourcecode.swift; path = MovieGridViewController.swift; sourceTree = "<group>"; };
		58C7605BA6D391D7AD811831 /* Pods_FlixsterTests.framework */ = {isa = PBXFileReference; explicitFileType = wrapper.framework; includeInIndex = 0; path = Pods_FlixsterTests.framework; sourceTree = BUILT_PRODUCTS_DIR; };
		65DEF4EA4E9AA01A633FA519 /* Pods_Flixster.framework */ = {isa = PBXFileReference; explicitFileType = wrapper.framework; includeInIndex = 0; path = Pods_Flixster.framework; sourceTree = BUILT_PRODUCTS_DIR; };
		881B34B88F95ADB0C3F7401D /* Pods-FlixsterTests.release.xcconfig */ = {isa = PBXFileReference; includeInIndex = 1; lastKnownFileType = text.xcconfig; name = "Pods-FlixsterTests.release.xcconfig"; path = "Target Support Files/Pods-FlixsterTests/Pods-FlixsterTests.release.xcconfig"; sourceTree = "<group>"; };
		B3D2A9C2078F9D47884ED737 /* Pods-Flixster.release.xcconfig */ = {isa = PBXFileReference; includeInIndex = 1; lastKnownFileType = text.xcconfig; name = "Pods-Flixster.release.xcconfig"; path = "Target Support Files/Pods-Flixster/Pods-Flixster.release.xcconfig"; sourceTree = "<group>"; };
		BC6F2144BB9FB386CB60898F /* Pods-Flixster.debug.xcconfig */ = {isa = PBXFileReference; includeInIndex = 1; lastKnownFileType = text.xcconfig; name = "Pods-Flixster.debug.xcconfig"; path = "Target Support Files/Pods-Flixster/Pods-Flixster.debug.xcconfig"; sourceTree = "<group>"; };
		BE9F3A1397AAE7BE6A4F271A /* Pods_Flixster_FlixsterUITests.framework */ = {isa = PBXFileReference; explicitFileType = wrapper.framework; includeInIndex = 0; path = Pods_Flixster_FlixsterUITests.framework; sourceTree = BUILT_PRODUCTS_DIR; };
		F4D1905E48D81B51B0E78731 /* Pods-Flixster-FlixsterUITests.release.xcconfig */ = {isa = PBXFileReference; includeInIndex = 1; lastKnownFileType = text.xcconfig; name = "Pods-Flixster-FlixsterUITests.release.xcconfig"; path = "Target Support Files/Pods-Flixster-FlixsterUITests/Pods-Flixster-FlixsterUITests.release.xcconfig"; sourceTree = "<group>"; };
		FDF938BC27ED5500246D5200 /* Pods-FlixsterTests.debug.xcconfig */ = {isa = PBXFileReference; includeInIndex = 1; lastKnownFileType = text.xcconfig; name = "Pods-FlixsterTests.debug.xcconfig"; path = "Target Support Files/Pods-FlixsterTests/Pods-FlixsterTests.debug.xcconfig"; sourceTree = "<group>"; };
/* End PBXFileReference section */

/* Begin PBXFrameworksBuildPhase section */
		37587E5B26EEB42000C88787 /* Frameworks */ = {
			isa = PBXFrameworksBuildPhase;
			buildActionMask = 2147483647;
			files = (
				37587E9726EEBE4600C88787 /* AlamofireImage in Frameworks */,
				A49F3CB5468C330A755E0E23 /* Pods_Flixster.framework in Frameworks */,
			);
			runOnlyForDeploymentPostprocessing = 0;
		};
		37587E7126EEB42400C88787 /* Frameworks */ = {
			isa = PBXFrameworksBuildPhase;
			buildActionMask = 2147483647;
			files = (
				8D3341E9FF9D6C9C751A57C2 /* Pods_FlixsterTests.framework in Frameworks */,
			);
			runOnlyForDeploymentPostprocessing = 0;
		};
		37587E7C26EEB42400C88787 /* Frameworks */ = {
			isa = PBXFrameworksBuildPhase;
			buildActionMask = 2147483647;
			files = (
				4E2737E808A560FE3074B6DD /* Pods_Flixster_FlixsterUITests.framework in Frameworks */,
			);
			runOnlyForDeploymentPostprocessing = 0;
		};
/* End PBXFrameworksBuildPhase section */

/* Begin PBXGroup section */
		37587E5526EEB42000C88787 = {
			isa = PBXGroup;
			children = (
				37587E6026EEB42000C88787 /* Flixster */,
				37587E7726EEB42400C88787 /* FlixsterTests */,
				37587E8226EEB42400C88787 /* FlixsterUITests */,
				37587E5F26EEB42000C88787 /* Products */,
				66CA974B8B5F85B3FCC683ED /* Pods */,
				75F36F6F4672C0E7997F9865 /* Frameworks */,
			);
			sourceTree = "<group>";
		};
		37587E5F26EEB42000C88787 /* Products */ = {
			isa = PBXGroup;
			children = (
				37587E5E26EEB42000C88787 /* Flixster.app */,
				37587E7426EEB42400C88787 /* FlixsterTests.xctest */,
				37587E7F26EEB42400C88787 /* FlixsterUITests.xctest */,
			);
			name = Products;
			sourceTree = "<group>";
		};
		37587E6026EEB42000C88787 /* Flixster */ = {
			isa = PBXGroup;
			children = (
				37587E6126EEB42000C88787 /* AppDelegate.swift */,
				37DF32F626F0061F0034B330 /* MovieGridViewController.swift */,
				37587E6326EEB42000C88787 /* SceneDelegate.swift */,
				37587E6526EEB42000C88787 /* ViewController.swift */,
				37587E6726EEB42000C88787 /* Main.storyboard */,
				375A22ED26F84B3F001CAD2A /* TrailerViewController.swift */,
				37B746AB26EFFEC200941979 /* MovieDetailsViewController.swift */,
				37587E6A26EEB42300C88787 /* Assets.xcassets */,
				375A22E926F82943001CAD2A /* MovieGridCell.swift */,
				37587E6C26EEB42300C88787 /* LaunchScreen.storyboard */,
				37587E9126EEB5E800C88787 /* MoviesViewController.swift */,
				37587E6F26EEB42300C88787 /* Info.plist */,
				37587E9326EEBC7900C88787 /* MovieCell.swift */,
			);
			path = Flixster;
			sourceTree = "<group>";
		};
		37587E7726EEB42400C88787 /* FlixsterTests */ = {
			isa = PBXGroup;
			children = (
				37587E7826EEB42400C88787 /* FlixsterTests.swift */,
				37587E7A26EEB42400C88787 /* Info.plist */,
			);
			path = FlixsterTests;
			sourceTree = "<group>";
		};
		37587E8226EEB42400C88787 /* FlixsterUITests */ = {
			isa = PBXGroup;
			children = (
				37587E8326EEB42400C88787 /* FlixsterUITests.swift */,
				37587E8526EEB42400C88787 /* Info.plist */,
			);
			path = FlixsterUITests;
			sourceTree = "<group>";
		};
		66CA974B8B5F85B3FCC683ED /* Pods */ = {
			isa = PBXGroup;
			children = (
				BC6F2144BB9FB386CB60898F /* Pods-Flixster.debug.xcconfig */,
				B3D2A9C2078F9D47884ED737 /* Pods-Flixster.release.xcconfig */,
				2DD123F741D4E958437E1DFC /* Pods-Flixster-FlixsterUITests.debug.xcconfig */,
				F4D1905E48D81B51B0E78731 /* Pods-Flixster-FlixsterUITests.release.xcconfig */,
				FDF938BC27ED5500246D5200 /* Pods-FlixsterTests.debug.xcconfig */,
				881B34B88F95ADB0C3F7401D /* Pods-FlixsterTests.release.xcconfig */,
			);
			path = Pods;
			sourceTree = "<group>";
		};
		75F36F6F4672C0E7997F9865 /* Frameworks */ = {
			isa = PBXGroup;
			children = (
				65DEF4EA4E9AA01A633FA519 /* Pods_Flixster.framework */,
				BE9F3A1397AAE7BE6A4F271A /* Pods_Flixster_FlixsterUITests.framework */,
				58C7605BA6D391D7AD811831 /* Pods_FlixsterTests.framework */,
			);
			name = Frameworks;
			sourceTree = "<group>";
		};
/* End PBXGroup section */

/* Begin PBXNativeTarget section */
		37587E5D26EEB42000C88787 /* Flixster */ = {
			isa = PBXNativeTarget;
			buildConfigurationList = 37587E8826EEB42400C88787 /* Build configuration list for PBXNativeTarget "Flixster" */;
			buildPhases = (
				6D655E3C3C6F8EFD1E6BEDD1 /* [CP] Check Pods Manifest.lock */,
				37587E5A26EEB42000C88787 /* Sources */,
				37587E5B26EEB42000C88787 /* Frameworks */,
				37587E5C26EEB42000C88787 /* Resources */,
				F768DD95E0C83A11BF2794BE /* [CP] Embed Pods Frameworks */,
			);
			buildRules = (
			);
			dependencies = (
			);
			name = Flixster;
			packageProductDependencies = (
				37587E9626EEBE4600C88787 /* AlamofireImage */,
			);
			productName = Flixster;
			productReference = 37587E5E26EEB42000C88787 /* Flixster.app */;
			productType = "com.apple.product-type.application";
		};
		37587E7326EEB42400C88787 /* FlixsterTests */ = {
			isa = PBXNativeTarget;
			buildConfigurationList = 37587E8B26EEB42400C88787 /* Build configuration list for PBXNativeTarget "FlixsterTests" */;
			buildPhases = (
				D6939CC44A885EF2E0B5F28E /* [CP] Check Pods Manifest.lock */,
				37587E7026EEB42400C88787 /* Sources */,
				37587E7126EEB42400C88787 /* Frameworks */,
				37587E7226EEB42400C88787 /* Resources */,
			);
			buildRules = (
			);
			dependencies = (
				37587E7626EEB42400C88787 /* PBXTargetDependency */,
			);
			name = FlixsterTests;
			productName = FlixsterTests;
			productReference = 37587E7426EEB42400C88787 /* FlixsterTests.xctest */;
			productType = "com.apple.product-type.bundle.unit-test";
		};
		37587E7E26EEB42400C88787 /* FlixsterUITests */ = {
			isa = PBXNativeTarget;
			buildConfigurationList = 37587E8E26EEB42400C88787 /* Build configuration list for PBXNativeTarget "FlixsterUITests" */;
			buildPhases = (
				73E9BAD7BC4B1C6CF6357F3C /* [CP] Check Pods Manifest.lock */,
				37587E7B26EEB42400C88787 /* Sources */,
				37587E7C26EEB42400C88787 /* Frameworks */,
				37587E7D26EEB42400C88787 /* Resources */,
				759C5DAE48471B69A2E35B9F /* [CP] Embed Pods Frameworks */,
			);
			buildRules = (
			);
			dependencies = (
				37587E8126EEB42400C88787 /* PBXTargetDependency */,
			);
			name = FlixsterUITests;
			productName = FlixsterUITests;
			productReference = 37587E7F26EEB42400C88787 /* FlixsterUITests.xctest */;
			productType = "com.apple.product-type.bundle.ui-testing";
		};
/* End PBXNativeTarget section */

/* Begin PBXProject section */
		37587E5626EEB42000C88787 /* Project object */ = {
			isa = PBXProject;
			attributes = {
				LastSwiftUpdateCheck = 1250;
				LastUpgradeCheck = 1250;
				TargetAttributes = {
					37587E5D26EEB42000C88787 = {
						CreatedOnToolsVersion = 12.5.1;
					};
					37587E7326EEB42400C88787 = {
						CreatedOnToolsVersion = 12.5.1;
						TestTargetID = 37587E5D26EEB42000C88787;
					};
					37587E7E26EEB42400C88787 = {
						CreatedOnToolsVersion = 12.5.1;
						TestTargetID = 37587E5D26EEB42000C88787;
					};
				};
			};
			buildConfigurationList = 37587E5926EEB42000C88787 /* Build configuration list for PBXProject "Flixster" */;
			compatibilityVersion = "Xcode 9.3";
			developmentRegion = en;
			hasScannedForEncodings = 0;
			knownRegions = (
				en,
				Base,
			);
			mainGroup = 37587E5526EEB42000C88787;
			packageReferences = (
				37587E9526EEBE4600C88787 /* XCRemoteSwiftPackageReference "AlamofireImage" */,
			);
			productRefGroup = 37587E5F26EEB42000C88787 /* Products */;
			projectDirPath = "";
			projectRoot = "";
			targets = (
				37587E5D26EEB42000C88787 /* Flixster */,
				37587E7326EEB42400C88787 /* FlixsterTests */,
				37587E7E26EEB42400C88787 /* FlixsterUITests */,
			);
		};
/* End PBXProject section */

/* Begin PBXResourcesBuildPhase section */
		37587E5C26EEB42000C88787 /* Resources */ = {
			isa = PBXResourcesBuildPhase;
			buildActionMask = 2147483647;
			files = (
				37587E6E26EEB42300C88787 /* LaunchScreen.storyboard in Resources */,
				37587E6B26EEB42300C88787 /* Assets.xcassets in Resources */,
				37587E6926EEB42000C88787 /* Main.storyboard in Resources */,
			);
			runOnlyForDeploymentPostprocessing = 0;
		};
		37587E7226EEB42400C88787 /* Resources */ = {
			isa = PBXResourcesBuildPhase;
			buildActionMask = 2147483647;
			files = (
			);
			runOnlyForDeploymentPostprocessing = 0;
		};
		37587E7D26EEB42400C88787 /* Resources */ = {
			isa = PBXResourcesBuildPhase;
			buildActionMask = 2147483647;
			files = (
			);
			runOnlyForDeploymentPostprocessing = 0;
		};
/* End PBXResourcesBuildPhase section */

/* Begin PBXShellScriptBuildPhase section */
		6D655E3C3C6F8EFD1E6BEDD1 /* [CP] Check Pods Manifest.lock */ = {
			isa = PBXShellScriptBuildPhase;
			buildActionMask = 2147483647;
			files = (
			);
			inputFileListPaths = (
			);
			inputPaths = (
				"${PODS_PODFILE_DIR_PATH}/Podfile.lock",
				"${PODS_ROOT}/Manifest.lock",
			);
			name = "[CP] Check Pods Manifest.lock";
			outputFileListPaths = (
			);
			outputPaths = (
				"$(DERIVED_FILE_DIR)/Pods-Flixster-checkManifestLockResult.txt",
			);
			runOnlyForDeploymentPostprocessing = 0;
			shellPath = /bin/sh;
			shellScript = "diff \"${PODS_PODFILE_DIR_PATH}/Podfile.lock\" \"${PODS_ROOT}/Manifest.lock\" > /dev/null\nif [ $? != 0 ] ; then\n    # print error to STDERR\n    echo \"error: The sandbox is not in sync with the Podfile.lock. Run 'pod install' or update your CocoaPods installation.\" >&2\n    exit 1\nfi\n# This output is used by Xcode 'outputs' to avoid re-running this script phase.\necho \"SUCCESS\" > \"${SCRIPT_OUTPUT_FILE_0}\"\n";
			showEnvVarsInLog = 0;
		};
		73E9BAD7BC4B1C6CF6357F3C /* [CP] Check Pods Manifest.lock */ = {
			isa = PBXShellScriptBuildPhase;
			buildActionMask = 2147483647;
			files = (
			);
			inputFileListPaths = (
			);
			inputPaths = (
				"${PODS_PODFILE_DIR_PATH}/Podfile.lock",
				"${PODS_ROOT}/Manifest.lock",
			);
			name = "[CP] Check Pods Manifest.lock";
			outputFileListPaths = (
			);
			outputPaths = (
				"$(DERIVED_FILE_DIR)/Pods-Flixster-FlixsterUITests-checkManifestLockResult.txt",
			);
			runOnlyForDeploymentPostprocessing = 0;
			shellPath = /bin/sh;
			shellScript = "diff \"${PODS_PODFILE_DIR_PATH}/Podfile.lock\" \"${PODS_ROOT}/Manifest.lock\" > /dev/null\nif [ $? != 0 ] ; then\n    # print error to STDERR\n    echo \"error: The sandbox is not in sync with the Podfile.lock. Run 'pod install' or update your CocoaPods installation.\" >&2\n    exit 1\nfi\n# This output is used by Xcode 'outputs' to avoid re-running this script phase.\necho \"SUCCESS\" > \"${SCRIPT_OUTPUT_FILE_0}\"\n";
			showEnvVarsInLog = 0;
		};
		759C5DAE48471B69A2E35B9F /* [CP] Embed Pods Frameworks */ = {
			isa = PBXShellScriptBuildPhase;
			buildActionMask = 2147483647;
			files = (
			);
			inputFileListPaths = (
				"${PODS_ROOT}/Target Support Files/Pods-Flixster-FlixsterUITests/Pods-Flixster-FlixsterUITests-frameworks-${CONFIGURATION}-input-files.xcfilelist",
			);
			name = "[CP] Embed Pods Frameworks";
			outputFileListPaths = (
				"${PODS_ROOT}/Target Support Files/Pods-Flixster-FlixsterUITests/Pods-Flixster-FlixsterUITests-frameworks-${CONFIGURATION}-output-files.xcfilelist",
			);
			runOnlyForDeploymentPostprocessing = 0;
			shellPath = /bin/sh;
			shellScript = "\"${PODS_ROOT}/Target Support Files/Pods-Flixster-FlixsterUITests/Pods-Flixster-FlixsterUITests-frameworks.sh\"\n";
			showEnvVarsInLog = 0;
		};
		D6939CC44A885EF2E0B5F28E /* [CP] Check Pods Manifest.lock */ = {
			isa = PBXShellScriptBuildPhase;
			buildActionMask = 2147483647;
			files = (
			);
			inputFileListPaths = (
			);
			inputPaths = (
				"${PODS_PODFILE_DIR_PATH}/Podfile.lock",
				"${PODS_ROOT}/Manifest.lock",
			);
			name = "[CP] Check Pods Manifest.lock";
			outputFileListPaths = (
			);
			outputPaths = (
				"$(DERIVED_FILE_DIR)/Pods-FlixsterTests-checkManifestLockResult.txt",
			);
			runOnlyForDeploymentPostprocessing = 0;
			shellPath = /bin/sh;
			shellScript = "diff \"${PODS_PODFILE_DIR_PATH}/Podfile.lock\" \"${PODS_ROOT}/Manifest.lock\" > /dev/null\nif [ $? != 0 ] ; then\n    # print error to STDERR\n    echo \"error: The sandbox is not in sync with the Podfile.lock. Run 'pod install' or update your CocoaPods installation.\" >&2\n    exit 1\nfi\n# This output is used by Xcode 'outputs' to avoid re-running this script phase.\necho \"SUCCESS\" > \"${SCRIPT_OUTPUT_FILE_0}\"\n";
			showEnvVarsInLog = 0;
		};
		F768DD95E0C83A11BF2794BE /* [CP] Embed Pods Frameworks */ = {
			isa = PBXShellScriptBuildPhase;
			buildActionMask = 2147483647;
			files = (
			);
			inputFileListPaths = (
				"${PODS_ROOT}/Target Support Files/Pods-Flixster/Pods-Flixster-frameworks-${CONFIGURATION}-input-files.xcfilelist",
			);
			name = "[CP] Embed Pods Frameworks";
			outputFileListPaths = (
				"${PODS_ROOT}/Target Support Files/Pods-Flixster/Pods-Flixster-frameworks-${CONFIGURATION}-output-files.xcfilelist",
			);
			runOnlyForDeploymentPostprocessing = 0;
			shellPath = /bin/sh;
			shellScript = "\"${PODS_ROOT}/Target Support Files/Pods-Flixster/Pods-Flixster-frameworks.sh\"\n";
			showEnvVarsInLog = 0;
		};
/* End PBXShellScriptBuildPhase section */

/* Begin PBXSourcesBuildPhase section */
		37587E5A26EEB42000C88787 /* Sources */ = {
			isa = PBXSourcesBuildPhase;
			buildActionMask = 2147483647;
			files = (
				37587E6626EEB42000C88787 /* ViewController.swift in Sources */,
				37587E6226EEB42000C88787 /* AppDelegate.swift in Sources */,
				37B746AC26EFFEC200941979 /* MovieDetailsViewController.swift in Sources */,
				37DF32F726F0061F0034B330 /* MovieGridViewController.swift in Sources */,
				375A22EA26F82943001CAD2A /* MovieGridCell.swift in Sources */,
				37587E6426EEB42000C88787 /* SceneDelegate.swift in Sources */,
				37587E9426EEBC7900C88787 /* MovieCell.swift in Sources */,
				37587E9226EEB5E800C88787 /* MoviesViewController.swift in Sources */,
				375A22EE26F84B3F001CAD2A /* TrailerViewController.swift in Sources */,
			);
			runOnlyForDeploymentPostprocessing = 0;
		};
		37587E7026EEB42400C88787 /* Sources */ = {
			isa = PBXSourcesBuildPhase;
			buildActionMask = 2147483647;
			files = (
				37587E7926EEB42400C88787 /* FlixsterTests.swift in Sources */,
			);
			runOnlyForDeploymentPostprocessing = 0;
		};
		37587E7B26EEB42400C88787 /* Sources */ = {
			isa = PBXSourcesBuildPhase;
			buildActionMask = 2147483647;
			files = (
				37587E8426EEB42400C88787 /* FlixsterUITests.swift in Sources */,
			);
			runOnlyForDeploymentPostprocessing = 0;
		};
/* End PBXSourcesBuildPhase section */

/* Begin PBXTargetDependency section */
		37587E7626EEB42400C88787 /* PBXTargetDependency */ = {
			isa = PBXTargetDependency;
			target = 37587E5D26EEB42000C88787 /* Flixster */;
			targetProxy = 37587E7526EEB42400C88787 /* PBXContainerItemProxy */;
		};
		37587E8126EEB42400C88787 /* PBXTargetDependency */ = {
			isa = PBXTargetDependency;
			target = 37587E5D26EEB42000C88787 /* Flixster */;
			targetProxy = 37587E8026EEB42400C88787 /* PBXContainerItemProxy */;
		};
/* End PBXTargetDependency section */

/* Begin PBXVariantGroup section */
		37587E6726EEB42000C88787 /* Main.storyboard */ = {
			isa = PBXVariantGroup;
			children = (
				37587E6826EEB42000C88787 /* Base */,
			);
			name = Main.storyboard;
			sourceTree = "<group>";
		};
		37587E6C26EEB42300C88787 /* LaunchScreen.storyboard */ = {
			isa = PBXVariantGroup;
			children = (
				37587E6D26EEB42300C88787 /* Base */,
			);
			name = LaunchScreen.storyboard;
			sourceTree = "<group>";
		};
/* End PBXVariantGroup section */

/* Begin XCBuildConfiguration section */
		37587E8626EEB42400C88787 /* Debug */ = {
			isa = XCBuildConfiguration;
			buildSettings = {
				ALWAYS_SEARCH_USER_PATHS = NO;
				CLANG_ANALYZER_NONNULL = YES;
				CLANG_ANALYZER_NUMBER_OBJECT_CONVERSION = YES_AGGRESSIVE;
				CLANG_CXX_LANGUAGE_STANDARD = "gnu++14";
				CLANG_CXX_LIBRARY = "libc++";
				CLANG_ENABLE_MODULES = YES;
				CLANG_ENABLE_OBJC_ARC = YES;
				CLANG_ENABLE_OBJC_WEAK = YES;
				CLANG_WARN_BLOCK_CAPTURE_AUTORELEASING = YES;
				CLANG_WARN_BOOL_CONVERSION = YES;
				CLANG_WARN_COMMA = YES;
				CLANG_WARN_CONSTANT_CONVERSION = YES;
				CLANG_WARN_DEPRECATED_OBJC_IMPLEMENTATIONS = YES;
				CLANG_WARN_DIRECT_OBJC_ISA_USAGE = YES_ERROR;
				CLANG_WARN_DOCUMENTATION_COMMENTS = YES;
				CLANG_WARN_EMPTY_BODY = YES;
				CLANG_WARN_ENUM_CONVERSION = YES;
				CLANG_WARN_INFINITE_RECURSION = YES;
				CLANG_WARN_INT_CONVERSION = YES;
				CLANG_WARN_NON_LITERAL_NULL_CONVERSION = YES;
				CLANG_WARN_OBJC_IMPLICIT_RETAIN_SELF = YES;
				CLANG_WARN_OBJC_LITERAL_CONVERSION = YES;
				CLANG_WARN_OBJC_ROOT_CLASS = YES_ERROR;
				CLANG_WARN_QUOTED_INCLUDE_IN_FRAMEWORK_HEADER = YES;
				CLANG_WARN_RANGE_LOOP_ANALYSIS = YES;
				CLANG_WARN_STRICT_PROTOTYPES = YES;
				CLANG_WARN_SUSPICIOUS_MOVE = YES;
				CLANG_WARN_UNGUARDED_AVAILABILITY = YES_AGGRESSIVE;
				CLANG_WARN_UNREACHABLE_CODE = YES;
				CLANG_WARN__DUPLICATE_METHOD_MATCH = YES;
				COPY_PHASE_STRIP = NO;
				DEBUG_INFORMATION_FORMAT = dwarf;
				ENABLE_STRICT_OBJC_MSGSEND = YES;
				ENABLE_TESTABILITY = YES;
				GCC_C_LANGUAGE_STANDARD = gnu11;
				GCC_DYNAMIC_NO_PIC = NO;
				GCC_NO_COMMON_BLOCKS = YES;
				GCC_OPTIMIZATION_LEVEL = 0;
				GCC_PREPROCESSOR_DEFINITIONS = (
					"DEBUG=1",
					"$(inherited)",
				);
				GCC_WARN_64_TO_32_BIT_CONVERSION = YES;
				GCC_WARN_ABOUT_RETURN_TYPE = YES_ERROR;
				GCC_WARN_UNDECLARED_SELECTOR = YES;
				GCC_WARN_UNINITIALIZED_AUTOS = YES_AGGRESSIVE;
				GCC_WARN_UNUSED_FUNCTION = YES;
				GCC_WARN_UNUSED_VARIABLE = YES;
				IPHONEOS_DEPLOYMENT_TARGET = 14.5;
				MTL_ENABLE_DEBUG_INFO = INCLUDE_SOURCE;
				MTL_FAST_MATH = YES;
				ONLY_ACTIVE_ARCH = YES;
				SDKROOT = iphoneos;
				SWIFT_ACTIVE_COMPILATION_CONDITIONS = DEBUG;
				SWIFT_OPTIMIZATION_LEVEL = "-Onone";
			};
			name = Debug;
		};
		37587E8726EEB42400C88787 /* Release */ = {
			isa = XCBuildConfiguration;
			buildSettings = {
				ALWAYS_SEARCH_USER_PATHS = NO;
				CLANG_ANALYZER_NONNULL = YES;
				CLANG_ANALYZER_NUMBER_OBJECT_CONVERSION = YES_AGGRESSIVE;
				CLANG_CXX_LANGUAGE_STANDARD = "gnu++14";
				CLANG_CXX_LIBRARY = "libc++";
				CLANG_ENABLE_MODULES = YES;
				CLANG_ENABLE_OBJC_ARC = YES;
				CLANG_ENABLE_OBJC_WEAK = YES;
				CLANG_WARN_BLOCK_CAPTURE_AUTORELEASING = YES;
				CLANG_WARN_BOOL_CONVERSION = YES;
				CLANG_WARN_COMMA = YES;
				CLANG_WARN_CONSTANT_CONVERSION = YES;
				CLANG_WARN_DEPRECATED_OBJC_IMPLEMENTATIONS = YES;
				CLANG_WARN_DIRECT_OBJC_ISA_USAGE = YES_ERROR;
				CLANG_WARN_DOCUMENTATION_COMMENTS = YES;
				CLANG_WARN_EMPTY_BODY = YES;
				CLANG_WARN_ENUM_CONVERSION = YES;
				CLANG_WARN_INFINITE_RECURSION = YES;
				CLANG_WARN_INT_CONVERSION = YES;
				CLANG_WARN_NON_LITERAL_NULL_CONVERSION = YES;
				CLANG_WARN_OBJC_IMPLICIT_RETAIN_SELF = YES;
				CLANG_WARN_OBJC_LITERAL_CONVERSION = YES;
				CLANG_WARN_OBJC_ROOT_CLASS = YES_ERROR;
				CLANG_WARN_QUOTED_INCLUDE_IN_FRAMEWORK_HEADER = YES;
				CLANG_WARN_RANGE_LOOP_ANALYSIS = YES;
				CLANG_WARN_STRICT_PROTOTYPES = YES;
				CLANG_WARN_SUSPICIOUS_MOVE = YES;
				CLANG_WARN_UNGUARDED_AVAILABILITY = YES_AGGRESSIVE;
				CLANG_WARN_UNREACHABLE_CODE = YES;
				CLANG_WARN__DUPLICATE_METHOD_MATCH = YES;
				COPY_PHASE_STRIP = NO;
				DEBUG_INFORMATION_FORMAT = "dwarf-with-dsym";
				ENABLE_NS_ASSERTIONS = NO;
				ENABLE_STRICT_OBJC_MSGSEND = YES;
				GCC_C_LANGUAGE_STANDARD = gnu11;
				GCC_NO_COMMON_BLOCKS = YES;
				GCC_WARN_64_TO_32_BIT_CONVERSION = YES;
				GCC_WARN_ABOUT_RETURN_TYPE = YES_ERROR;
				GCC_WARN_UNDECLARED_SELECTOR = YES;
				GCC_WARN_UNINITIALIZED_AUTOS = YES_AGGRESSIVE;
				GCC_WARN_UNUSED_FUNCTION = YES;
				GCC_WARN_UNUSED_VARIABLE = YES;
				IPHONEOS_DEPLOYMENT_TARGET = 14.5;
				MTL_ENABLE_DEBUG_INFO = NO;
				MTL_FAST_MATH = YES;
				SDKROOT = iphoneos;
				SWIFT_COMPILATION_MODE = wholemodule;
				SWIFT_OPTIMIZATION_LEVEL = "-O";
				VALIDATE_PRODUCT = YES;
			};
			name = Release;
		};
		37587E8926EEB42400C88787 /* Debug */ = {
			isa = XCBuildConfiguration;
			baseConfigurationReference = BC6F2144BB9FB386CB60898F /* Pods-Flixster.debug.xcconfig */;
			buildSettings = {
				ASSETCATALOG_COMPILER_APPICON_NAME = AppIcon;
				ASSETCATALOG_COMPILER_GLOBAL_ACCENT_COLOR_NAME = AccentColor;
				CODE_SIGN_STYLE = Automatic;
				DEVELOPMENT_TEAM = B3YGGHFFD4;
				INFOPLIST_FILE = Flixster/Info.plist;
				LD_RUNPATH_SEARCH_PATHS = (
					"$(inherited)",
					"@executable_path/Frameworks",
				);
				PRODUCT_BUNDLE_IDENTIFIER = jarodwellinghoff.Flixster;
				PRODUCT_NAME = "$(TARGET_NAME)";
				SWIFT_VERSION = 5.0;
				TARGETED_DEVICE_FAMILY = "1,2";
			};
			name = Debug;
		};
		37587E8A26EEB42400C88787 /* Release */ = {
			isa = XCBuildConfiguration;
			baseConfigurationReference = B3D2A9C2078F9D47884ED737 /* Pods-Flixster.release.xcconfig */;
			buildSettings = {
				ASSETCATALOG_COMPILER_APPICON_NAME = AppIcon;
				ASSETCATALOG_COMPILER_GLOBAL_ACCENT_COLOR_NAME = AccentColor;
				CODE_SIGN_STYLE = Automatic;
				DEVELOPMENT_TEAM = B3YGGHFFD4;
				INFOPLIST_FILE = Flixster/Info.plist;
				LD_RUNPATH_SEARCH_PATHS = (
					"$(inherited)",
					"@executable_path/Frameworks",
				);
				PRODUCT_BUNDLE_IDENTIFIER = jarodwellinghoff.Flixster;
				PRODUCT_NAME = "$(TARGET_NAME)";
				SWIFT_VERSION = 5.0;
				TARGETED_DEVICE_FAMILY = "1,2";
			};
			name = Release;
		};
		37587E8C26EEB42400C88787 /* Debug */ = {
			isa = XCBuildConfiguration;
			baseConfigurationReference = FDF938BC27ED5500246D5200 /* Pods-FlixsterTests.debug.xcconfig */;
			buildSettings = {
				ALWAYS_EMBED_SWIFT_STANDARD_LIBRARIES = YES;
				BUNDLE_LOADER = "$(TEST_HOST)";
				CODE_SIGN_STYLE = Automatic;
				DEVELOPMENT_TEAM = B3YGGHFFD4;
				INFOPLIST_FILE = FlixsterTests/Info.plist;
				IPHONEOS_DEPLOYMENT_TARGET = 14.5;
				LD_RUNPATH_SEARCH_PATHS = (
					"$(inherited)",
					"@executable_path/Frameworks",
					"@loader_path/Frameworks",
				);
				PRODUCT_BUNDLE_IDENTIFIER = jarodwellinghoff.FlixsterTests;
				PRODUCT_NAME = "$(TARGET_NAME)";
				SWIFT_VERSION = 5.0;
				TARGETED_DEVICE_FAMILY = "1,2";
				TEST_HOST = "$(BUILT_PRODUCTS_DIR)/Flixster.app/Flixster";
			};
			name = Debug;
		};
		37587E8D26EEB42400C88787 /* Release */ = {
			isa = XCBuildConfiguration;
			baseConfigurationReference = 881B34B88F95ADB0C3F7401D /* Pods-FlixsterTests.release.xcconfig */;
			buildSettings = {
				ALWAYS_EMBED_SWIFT_STANDARD_LIBRARIES = YES;
				BUNDLE_LOADER = "$(TEST_HOST)";
				CODE_SIGN_STYLE = Automatic;
				DEVELOPMENT_TEAM = B3YGGHFFD4;
				INFOPLIST_FILE = FlixsterTests/Info.plist;
				IPHONEOS_DEPLOYMENT_TARGET = 14.5;
				LD_RUNPATH_SEARCH_PATHS = (
					"$(inherited)",
					"@executable_path/Frameworks",
					"@loader_path/Frameworks",
				);
				PRODUCT_BUNDLE_IDENTIFIER = jarodwellinghoff.FlixsterTests;
				PRODUCT_NAME = "$(TARGET_NAME)";
				SWIFT_VERSION = 5.0;
				TARGETED_DEVICE_FAMILY = "1,2";
				TEST_HOST = "$(BUILT_PRODUCTS_DIR)/Flixster.app/Flixster";
			};
			name = Release;
		};
		37587E8F26EEB42400C88787 /* Debug */ = {
			isa = XCBuildConfiguration;
			baseConfigurationReference = 2DD123F741D4E958437E1DFC /* Pods-Flixster-FlixsterUITests.debug.xcconfig */;
			buildSettings = {
				ALWAYS_EMBED_SWIFT_STANDARD_LIBRARIES = YES;
				CODE_SIGN_STYLE = Automatic;
				DEVELOPMENT_TEAM = B3YGGHFFD4;
				INFOPLIST_FILE = FlixsterUITests/Info.plist;
				LD_RUNPATH_SEARCH_PATHS = (
					"$(inherited)",
					"@executable_path/Frameworks",
					"@loader_path/Frameworks",
				);
				PRODUCT_BUNDLE_IDENTIFIER = jarodwellinghoff.FlixsterUITests;
				PRODUCT_NAME = "$(TARGET_NAME)";
				SWIFT_VERSION = 5.0;
				TARGETED_DEVICE_FAMILY = "1,2";
				TEST_TARGET_NAME = Flixster;
			};
			name = Debug;
		};
		37587E9026EEB42400C88787 /* Release */ = {
			isa = XCBuildConfiguration;
			baseConfigurationReference = F4D1905E48D81B51B0E78731 /* Pods-Flixster-FlixsterUITests.release.xcconfig */;
			buildSettings = {
				ALWAYS_EMBED_SWIFT_STANDARD_LIBRARIES = YES;
				CODE_SIGN_STYLE = Automatic;
				DEVELOPMENT_TEAM = B3YGGHFFD4;
				INFOPLIST_FILE = FlixsterUITests/Info.plist;
				LD_RUNPATH_SEARCH_PATHS = (
					"$(inherited)",
					"@executable_path/Frameworks",
					"@loader_path/Frameworks",
				);
				PRODUCT_BUNDLE_IDENTIFIER = jarodwellinghoff.FlixsterUITests;
				PRODUCT_NAME = "$(TARGET_NAME)";
				SWIFT_VERSION = 5.0;
				TARGETED_DEVICE_FAMILY = "1,2";
				TEST_TARGET_NAME = Flixster;
			};
			name = Release;
		};
/* End XCBuildConfiguration section */

/* Begin XCConfigurationList section */
		37587E5926EEB42000C88787 /* Build configuration list for PBXProject "Flixster" */ = {
			isa = XCConfigurationList;
			buildConfigurations = (
				37587E8626EEB42400C88787 /* Debug */,
				37587E8726EEB42400C88787 /* Release */,
			);
			defaultConfigurationIsVisible = 0;
			defaultConfigurationName = Release;
		};
		37587E8826EEB42400C88787 /* Build configuration list for PBXNativeTarget "Flixster" */ = {
			isa = XCConfigurationList;
			buildConfigurations = (
				37587E8926EEB42400C88787 /* Debug */,
				37587E8A26EEB42400C88787 /* Release */,
			);
			defaultConfigurationIsVisible = 0;
			defaultConfigurationName = Release;
		};
		37587E8B26EEB42400C88787 /* Build configuration list for PBXNativeTarget "FlixsterTests" */ = {
			isa = XCConfigurationList;
			buildConfigurations = (
				37587E8C26EEB42400C88787 /* Debug */,
				37587E8D26EEB42400C88787 /* Release */,
			);
			defaultConfigurationIsVisible = 0;
			defaultConfigurationName = Release;
		};
		37587E8E26EEB42400C88787 /* Build configuration list for PBXNativeTarget "FlixsterUITests" */ = {
			isa = XCConfigurationList;
			buildConfigurations = (
				37587E8F26EEB42400C88787 /* Debug */,
				37587E9026EEB42400C88787 /* Release */,
			);
			defaultConfigurationIsVisible = 0;
			defaultConfigurationName = Release;
		};
/* End XCConfigurationList section */

/* Begin XCRemoteSwiftPackageReference section */
		37587E9526EEBE4600C88787 /* XCRemoteSwiftPackageReference "AlamofireImage" */ = {
			isa = XCRemoteSwiftPackageReference;
			repositoryURL = "https://github.com/Alamofire/AlamofireImage";
			requirement = {
				kind = upToNextMajorVersion;
				minimumVersion = 4.2.0;
			};
		};
/* End XCRemoteSwiftPackageReference section */

/* Begin XCSwiftPackageProductDependency section */
		37587E9626EEBE4600C88787 /* AlamofireImage */ = {
			isa = XCSwiftPackageProductDependency;
			package = 37587E9526EEBE4600C88787 /* XCRemoteSwiftPackageReference "AlamofireImage" */;
			productName = AlamofireImage;
		};
/* End XCSwiftPackageProductDependency section */
	};
	rootObject = 37587E5626EEB42000C88787 /* Project object */;
}
